// !$*UTF8*$!
{
	archiveVersion = 1;
	classes = {
	};
	objectVersion = 55;
	objects = {

/* Begin PBXBuildFile section */
		C49B4A3927829A1800BDD5F8 /* AppDelegate.swift in Sources */ = {isa = PBXBuildFile; fileRef = C49B4A3827829A1800BDD5F8 /* AppDelegate.swift */; };
		C49B4A3B27829A1800BDD5F8 /* SceneDelegate.swift in Sources */ = {isa = PBXBuildFile; fileRef = C49B4A3A27829A1800BDD5F8 /* SceneDelegate.swift */; };
		C49B4A3D27829A1800BDD5F8 /* ViewController.swift in Sources */ = {isa = PBXBuildFile; fileRef = C49B4A3C27829A1800BDD5F8 /* ViewController.swift */; };
		C49B4A4027829A1800BDD5F8 /* Main.storyboard in Resources */ = {isa = PBXBuildFile; fileRef = C49B4A3E27829A1800BDD5F8 /* Main.storyboard */; };
		C49B4A4327829A1800BDD5F8 /* Study_MVC.xcdatamodeld in Sources */ = {isa = PBXBuildFile; fileRef = C49B4A4127829A1800BDD5F8 /* Study_MVC.xcdatamodeld */; };
		C49B4A4527829A1D00BDD5F8 /* Assets.xcassets in Resources */ = {isa = PBXBuildFile; fileRef = C49B4A4427829A1D00BDD5F8 /* Assets.xcassets */; };
		C49B4A4827829A1D00BDD5F8 /* LaunchScreen.storyboard in Resources */ = {isa = PBXBuildFile; fileRef = C49B4A4627829A1D00BDD5F8 /* LaunchScreen.storyboard */; };
		C49B4A5327829A1D00BDD5F8 /* Study_MVCTests.swift in Sources */ = {isa = PBXBuildFile; fileRef = C49B4A5227829A1D00BDD5F8 /* Study_MVCTests.swift */; };
		C49B4A5D27829A1D00BDD5F8 /* Study_MVCUITests.swift in Sources */ = {isa = PBXBuildFile; fileRef = C49B4A5C27829A1D00BDD5F8 /* Study_MVCUITests.swift */; };
		C49B4A5F27829A1D00BDD5F8 /* Study_MVCUITestsLaunchTests.swift in Sources */ = {isa = PBXBuildFile; fileRef = C49B4A5E27829A1D00BDD5F8 /* Study_MVCUITestsLaunchTests.swift */; };
		C49B4A6F27829A4F00BDD5F8 /* User.swift in Sources */ = {isa = PBXBuildFile; fileRef = C49B4A6E27829A4F00BDD5F8 /* User.swift */; };
		C49B4A7227829B5E00BDD5F8 /* TableViewCell.swift in Sources */ = {isa = PBXBuildFile; fileRef = C49B4A7027829B5E00BDD5F8 /* TableViewCell.swift */; };
		C49B4A7327829B5E00BDD5F8 /* TableViewCell.xib in Resources */ = {isa = PBXBuildFile; fileRef = C49B4A7127829B5E00BDD5F8 /* TableViewCell.xib */; };
/* End PBXBuildFile section */

/* Begin PBXContainerItemProxy section */
		C49B4A4F27829A1D00BDD5F8 /* PBXContainerItemProxy */ = {
			isa = PBXContainerItemProxy;
			containerPortal = C49B4A2D27829A1800BDD5F8 /* Project object */;
			proxyType = 1;
			remoteGlobalIDString = C49B4A3427829A1800BDD5F8;
			remoteInfo = Study_MVC;
		};
		C49B4A5927829A1D00BDD5F8 /* PBXContainerItemProxy */ = {
			isa = PBXContainerItemProxy;
			containerPortal = C49B4A2D27829A1800BDD5F8 /* Project object */;
			proxyType = 1;
			remoteGlobalIDString = C49B4A3427829A1800BDD5F8;
			remoteInfo = Study_MVC;
		};
/* End PBXContainerItemProxy section */

/* Begin PBXFileReference section */
		C49B4A3527829A1800BDD5F8 /* Study_MVC.app */ = {isa = PBXFileReference; explicitFileType = wrapper.application; includeInIndex = 0; path = Study_MVC.app; sourceTree = BUILT_PRODUCTS_DIR; };
		C49B4A3827829A1800BDD5F8 /* AppDelegate.swift */ = {isa = PBXFileReference; lastKnownFileType = sourcecode.swift; path = AppDelegate.swift; sourceTree = "<group>"; };
		C49B4A3A27829A1800BDD5F8 /* SceneDelegate.swift */ = {isa = PBXFileReference; lastKnownFileType = sourcecode.swift; path = SceneDelegate.swift; sourceTree = "<group>"; };
		C49B4A3C27829A1800BDD5F8 /* ViewController.swift */ = {isa = PBXFileReference; lastKnownFileType = sourcecode.swift; path = ViewController.swift; sourceTree = "<group>"; };
		C49B4A3F27829A1800BDD5F8 /* Base */ = {isa = PBXFileReference; lastKnownFileType = file.storyboard; name = Base; path = Base.lproj/Main.storyboard; sourceTree = "<group>"; };
		C49B4A4227829A1800BDD5F8 /* Study_MVC.xcdatamodel */ = {isa = PBXFileReference; lastKnownFileType = wrapper.xcdatamodel; path = Study_MVC.xcdatamodel; sourceTree = "<group>"; };
		C49B4A4427829A1D00BDD5F8 /* Assets.xcassets */ = {isa = PBXFileReference; lastKnownFileType = folder.assetcatalog; path = Assets.xcassets; sourceTree = "<group>"; };
		C49B4A4727829A1D00BDD5F8 /* Base */ = {isa = PBXFileReference; lastKnownFileType = file.storyboard; name = Base; path = Base.lproj/LaunchScreen.storyboard; sourceTree = "<group>"; };
		C49B4A4927829A1D00BDD5F8 /* Info.plist */ = {isa = PBXFileReference; lastKnownFileType = text.plist.xml; path = Info.plist; sourceTree = "<group>"; };
		C49B4A4E27829A1D00BDD5F8 /* Study_MVCTests.xctest */ = {isa = PBXFileReference; explicitFileType = wrapper.cfbundle; includeInIndex = 0; path = Study_MVCTests.xctest; sourceTree = BUILT_PRODUCTS_DIR; };
		C49B4A5227829A1D00BDD5F8 /* Study_MVCTests.swift */ = {isa = PBXFileReference; lastKnownFileType = sourcecode.swift; path = Study_MVCTests.swift; sourceTree = "<group>"; };
		C49B4A5827829A1D00BDD5F8 /* Study_MVCUITests.xctest */ = {isa = PBXFileReference; explicitFileType = wrapper.cfbundle; includeInIndex = 0; path = Study_MVCUITests.xctest; sourceTree = BUILT_PRODUCTS_DIR; };
		C49B4A5C27829A1D00BDD5F8 /* Study_MVCUITests.swift */ = {isa = PBXFileReference; lastKnownFileType = sourcecode.swift; path = Study_MVCUITests.swift; sourceTree = "<group>"; };
		C49B4A5E27829A1D00BDD5F8 /* Study_MVCUITestsLaunchTests.swift */ = {isa = PBXFileReference; lastKnownFileType = sourcecode.swift; path = Study_MVCUITestsLaunchTests.swift; sourceTree = "<group>"; };
		C49B4A6E27829A4F00BDD5F8 /* User.swift */ = {isa = PBXFileReference; lastKnownFileType = sourcecode.swift; path = User.swift; sourceTree = "<group>"; };
		C49B4A7027829B5E00BDD5F8 /* TableViewCell.swift */ = {isa = PBXFileReference; lastKnownFileType = sourcecode.swift; path = TableViewCell.swift; sourceTree = "<group>"; };
		C49B4A7127829B5E00BDD5F8 /* TableViewCell.xib */ = {isa = PBXFileReference; lastKnownFileType = file.xib; path = TableViewCell.xib; sourceTree = "<group>"; };
/* End PBXFileReference section */

/* Begin PBXFrameworksBuildPhase section */
		C49B4A3227829A1800BDD5F8 /* Frameworks */ = {
			isa = PBXFrameworksBuildPhase;
			buildActionMask = 2147483647;
			files = (
			);
			runOnlyForDeploymentPostprocessing = 0;
		};
		C49B4A4B27829A1D00BDD5F8 /* Frameworks */ = {
			isa = PBXFrameworksBuildPhase;
			buildActionMask = 2147483647;
			files = (
			);
			runOnlyForDeploymentPostprocessing = 0;
		};
		C49B4A5527829A1D00BDD5F8 /* Frameworks */ = {
			isa = PBXFrameworksBuildPhase;
			buildActionMask = 2147483647;
			files = (
			);
			runOnlyForDeploymentPostprocessing = 0;
		};
/* End PBXFrameworksBuildPhase section */

/* Begin PBXGroup section */
		C49B4A2C27829A1800BDD5F8 = {
			isa = PBXGroup;
			children = (
				C49B4A3727829A1800BDD5F8 /* Study_MVC */,
				C49B4A5127829A1D00BDD5F8 /* Study_MVCTests */,
				C49B4A5B27829A1D00BDD5F8 /* Study_MVCUITests */,
				C49B4A3627829A1800BDD5F8 /* Products */,
			);
			sourceTree = "<group>";
		};
		C49B4A3627829A1800BDD5F8 /* Products */ = {
			isa = PBXGroup;
			children = (
				C49B4A3527829A1800BDD5F8 /* Study_MVC.app */,
				C49B4A4E27829A1D00BDD5F8 /* Study_MVCTests.xctest */,
				C49B4A5827829A1D00BDD5F8 /* Study_MVCUITests.xctest */,
			);
			name = Products;
			sourceTree = "<group>";
		};
		C49B4A3727829A1800BDD5F8 /* Study_MVC */ = {
			isa = PBXGroup;
			children = (
				C49B4A6D27829A3700BDD5F8 /* Models */,
				C49B4A6C27829A3500BDD5F8 /* Views */,
				C49B4A6B27829A3200BDD5F8 /* Controller */,
				C49B4A3827829A1800BDD5F8 /* AppDelegate.swift */,
				C49B4A3A27829A1800BDD5F8 /* SceneDelegate.swift */,
				C49B4A3E27829A1800BDD5F8 /* Main.storyboard */,
				C49B4A4427829A1D00BDD5F8 /* Assets.xcassets */,
				C49B4A4627829A1D00BDD5F8 /* LaunchScreen.storyboard */,
				C49B4A4927829A1D00BDD5F8 /* Info.plist */,
				C49B4A4127829A1800BDD5F8 /* Study_MVC.xcdatamodeld */,
			);
			path = Study_MVC;
			sourceTree = "<group>";
		};
		C49B4A5127829A1D00BDD5F8 /* Study_MVCTests */ = {
			isa = PBXGroup;
			children = (
				C49B4A5227829A1D00BDD5F8 /* Study_MVCTests.swift */,
			);
			path = Study_MVCTests;
			sourceTree = "<group>";
		};
		C49B4A5B27829A1D00BDD5F8 /* Study_MVCUITests */ = {
			isa = PBXGroup;
			children = (
				C49B4A5C27829A1D00BDD5F8 /* Study_MVCUITests.swift */,
				C49B4A5E27829A1D00BDD5F8 /* Study_MVCUITestsLaunchTests.swift */,
			);
			path = Study_MVCUITests;
			sourceTree = "<group>";
		};
		C49B4A6B27829A3200BDD5F8 /* Controller */ = {
			isa = PBXGroup;
			children = (
				C49B4A3C27829A1800BDD5F8 /* ViewController.swift */,
			);
			path = Controller;
			sourceTree = "<group>";
		};
		C49B4A6C27829A3500BDD5F8 /* Views */ = {
			isa = PBXGroup;
			children = (
				C49B4A7027829B5E00BDD5F8 /* TableViewCell.swift */,
				C49B4A7127829B5E00BDD5F8 /* TableViewCell.xib */,
			);
			path = Views;
			sourceTree = "<group>";
		};
		C49B4A6D27829A3700BDD5F8 /* Models */ = {
			isa = PBXGroup;
			children = (
				C49B4A6E27829A4F00BDD5F8 /* User.swift */,
			);
			path = Models;
			sourceTree = "<group>";
		};
/* End PBXGroup section */

/* Begin PBXNativeTarget section */
		C49B4A3427829A1800BDD5F8 /* Study_MVC */ = {
			isa = PBXNativeTarget;
			buildConfigurationList = C49B4A6227829A1D00BDD5F8 /* Build configuration list for PBXNativeTarget "Study_MVC" */;
			buildPhases = (
				C49B4A3127829A1800BDD5F8 /* Sources */,
				C49B4A3227829A1800BDD5F8 /* Frameworks */,
				C49B4A3327829A1800BDD5F8 /* Resources */,
			);
			buildRules = (
			);
			dependencies = (
			);
			name = Study_MVC;
			productName = Study_MVC;
			productReference = C49B4A3527829A1800BDD5F8 /* Study_MVC.app */;
			productType = "com.apple.product-type.application";
		};
		C49B4A4D27829A1D00BDD5F8 /* Study_MVCTests */ = {
			isa = PBXNativeTarget;
			buildConfigurationList = C49B4A6527829A1D00BDD5F8 /* Build configuration list for PBXNativeTarget "Study_MVCTests" */;
			buildPhases = (
				C49B4A4A27829A1D00BDD5F8 /* Sources */,
				C49B4A4B27829A1D00BDD5F8 /* Frameworks */,
				C49B4A4C27829A1D00BDD5F8 /* Resources */,
			);
			buildRules = (
			);
			dependencies = (
				C49B4A5027829A1D00BDD5F8 /* PBXTargetDependency */,
			);
			name = Study_MVCTests;
			productName = Study_MVCTests;
			productReference = C49B4A4E27829A1D00BDD5F8 /* Study_MVCTests.xctest */;
			productType = "com.apple.product-type.bundle.unit-test";
		};
		C49B4A5727829A1D00BDD5F8 /* Study_MVCUITests */ = {
			isa = PBXNativeTarget;
			buildConfigurationList = C49B4A6827829A1D00BDD5F8 /* Build configuration list for PBXNativeTarget "Study_MVCUITests" */;
			buildPhases = (
				C49B4A5427829A1D00BDD5F8 /* Sources */,
				C49B4A5527829A1D00BDD5F8 /* Frameworks */,
				C49B4A5627829A1D00BDD5F8 /* Resources */,
			);
			buildRules = (
			);
			dependencies = (
				C49B4A5A27829A1D00BDD5F8 /* PBXTargetDependency */,
			);
			name = Study_MVCUITests;
			productName = Study_MVCUITests;
			productReference = C49B4A5827829A1D00BDD5F8 /* Study_MVCUITests.xctest */;
			productType = "com.apple.product-type.bundle.ui-testing";
		};
/* End PBXNativeTarget section */

/* Begin PBXProject section */
		C49B4A2D27829A1800BDD5F8 /* Project object */ = {
			isa = PBXProject;
			attributes = {
				BuildIndependentTargetsInParallel = 1;
				LastSwiftUpdateCheck = 1310;
				LastUpgradeCheck = 1310;
				TargetAttributes = {
					C49B4A3427829A1800BDD5F8 = {
						CreatedOnToolsVersion = 13.1;
					};
					C49B4A4D27829A1D00BDD5F8 = {
						CreatedOnToolsVersion = 13.1;
						TestTargetID = C49B4A3427829A1800BDD5F8;
					};
					C49B4A5727829A1D00BDD5F8 = {
						CreatedOnToolsVersion = 13.1;
						TestTargetID = C49B4A3427829A1800BDD5F8;
					};
				};
			};
			buildConfigurationList = C49B4A3027829A1800BDD5F8 /* Build configuration list for PBXProject "Study_MVC" */;
			compatibilityVersion = "Xcode 13.0";
			developmentRegion = en;
			hasScannedForEncodings = 0;
			knownRegions = (
				en,
				Base,
			);
			mainGroup = C49B4A2C27829A1800BDD5F8;
			productRefGroup = C49B4A3627829A1800BDD5F8 /* Products */;
			projectDirPath = "";
			projectRoot = "";
			targets = (
				C49B4A3427829A1800BDD5F8 /* Study_MVC */,
				C49B4A4D27829A1D00BDD5F8 /* Study_MVCTests */,
				C49B4A5727829A1D00BDD5F8 /* Study_MVCUITests */,
			);
		};
/* End PBXProject section */

/* Begin PBXResourcesBuildPhase section */
		C49B4A3327829A1800BDD5F8 /* Resources */ = {
			isa = PBXResourcesBuildPhase;
			buildActionMask = 2147483647;
			files = (
				C49B4A4827829A1D00BDD5F8 /* LaunchScreen.storyboard in Resources */,
				C49B4A7327829B5E00BDD5F8 /* TableViewCell.xib in Resources */,
				C49B4A4527829A1D00BDD5F8 /* Assets.xcassets in Resources */,
				C49B4A4027829A1800BDD5F8 /* Main.storyboard in Resources */,
			);
			runOnlyForDeploymentPostprocessing = 0;
		};
		C49B4A4C27829A1D00BDD5F8 /* Resources */ = {
			isa = PBXResourcesBuildPhase;
			buildActionMask = 2147483647;
			files = (
			);
			runOnlyForDeploymentPostprocessing = 0;
		};
		C49B4A5627829A1D00BDD5F8 /* Resources */ = {
			isa = PBXResourcesBuildPhase;
			buildActionMask = 2147483647;
			files = (
			);
			runOnlyForDeploymentPostprocessing = 0;
		};
/* End PBXResourcesBuildPhase section */

/* Begin PBXSourcesBuildPhase section */
		C49B4A3127829A1800BDD5F8 /* Sources */ = {
			isa = PBXSourcesBuildPhase;
			buildActionMask = 2147483647;
			files = (
				C49B4A6F27829A4F00BDD5F8 /* User.swift in Sources */,
				C49B4A4327829A1800BDD5F8 /* Study_MVC.xcdatamodeld in Sources */,
				C49B4A3D27829A1800BDD5F8 /* ViewController.swift in Sources */,
				C49B4A7227829B5E00BDD5F8 /* TableViewCell.swift in Sources */,
				C49B4A3927829A1800BDD5F8 /* AppDelegate.swift in Sources */,
				C49B4A3B27829A1800BDD5F8 /* SceneDelegate.swift in Sources */,
			);
			runOnlyForDeploymentPostprocessing = 0;
		};
		C49B4A4A27829A1D00BDD5F8 /* Sources */ = {
			isa = PBXSourcesBuildPhase;
			buildActionMask = 2147483647;
			files = (
				C49B4A5327829A1D00BDD5F8 /* Study_MVCTests.swift in Sources */,
			);
			runOnlyForDeploymentPostprocessing = 0;
		};
		C49B4A5427829A1D00BDD5F8 /* Sources */ = {
			isa = PBXSourcesBuildPhase;
			buildActionMask = 2147483647;
			files = (
				C49B4A5D27829A1D00BDD5F8 /* Study_MVCUITests.swift in Sources */,
				C49B4A5F27829A1D00BDD5F8 /* Study_MVCUITestsLaunchTests.swift in Sources */,
			);
			runOnlyForDeploymentPostprocessing = 0;
		};
/* End PBXSourcesBuildPhase section */

/* Begin PBXTargetDependency section */
		C49B4A5027829A1D00BDD5F8 /* PBXTargetDependency */ = {
			isa = PBXTargetDependency;
			target = C49B4A3427829A1800BDD5F8 /* Study_MVC */;
			targetProxy = C49B4A4F27829A1D00BDD5F8 /* PBXContainerItemProxy */;
		};
		C49B4A5A27829A1D00BDD5F8 /* PBXTargetDependency */ = {
			isa = PBXTargetDependency;
			target = C49B4A3427829A1800BDD5F8 /* Study_MVC */;
			targetProxy = C49B4A5927829A1D00BDD5F8 /* PBXContainerItemProxy */;
		};
/* End PBXTargetDependency section */

/* Begin PBXVariantGroup section */
		C49B4A3E27829A1800BDD5F8 /* Main.storyboard */ = {
			isa = PBXVariantGroup;
			children = (
				C49B4A3F27829A1800BDD5F8 /* Base */,
			);
			name = Main.storyboard;
			sourceTree = "<group>";
		};
		C49B4A4627829A1D00BDD5F8 /* LaunchScreen.storyboard */ = {
			isa = PBXVariantGroup;
			children = (
				C49B4A4727829A1D00BDD5F8 /* Base */,
			);
			name = LaunchScreen.storyboard;
			sourceTree = "<group>";
		};
/* End PBXVariantGroup section */

/* Begin XCBuildConfiguration section */
		C49B4A6027829A1D00BDD5F8 /* Debug */ = {
			isa = XCBuildConfiguration;
			buildSettings = {
				ALWAYS_SEARCH_USER_PATHS = NO;
				CLANG_ANALYZER_NONNULL = YES;
				CLANG_ANALYZER_NUMBER_OBJECT_CONVERSION = YES_AGGRESSIVE;
				CLANG_CXX_LANGUAGE_STANDARD = "gnu++17";
				CLANG_CXX_LIBRARY = "libc++";
				CLANG_ENABLE_MODULES = YES;
				CLANG_ENABLE_OBJC_ARC = YES;
				CLANG_ENABLE_OBJC_WEAK = YES;
				CLANG_WARN_BLOCK_CAPTURE_AUTORELEASING = YES;
				CLANG_WARN_BOOL_CONVERSION = YES;
				CLANG_WARN_COMMA = YES;
				CLANG_WARN_CONSTANT_CONVERSION = YES;
				CLANG_WARN_DEPRECATED_OBJC_IMPLEMENTATIONS = YES;
				CLANG_WARN_DIRECT_OBJC_ISA_USAGE = YES_ERROR;
				CLANG_WARN_DOCUMENTATION_COMMENTS = YES;
				CLANG_WARN_EMPTY_BODY = YES;
				CLANG_WARN_ENUM_CONVERSION = YES;
				CLANG_WARN_INFINITE_RECURSION = YES;
				CLANG_WARN_INT_CONVERSION = YES;
				CLANG_WARN_NON_LITERAL_NULL_CONVERSION = YES;
				CLANG_WARN_OBJC_IMPLICIT_RETAIN_SELF = YES;
				CLANG_WARN_OBJC_LITERAL_CONVERSION = YES;
				CLANG_WARN_OBJC_ROOT_CLASS = YES_ERROR;
				CLANG_WARN_QUOTED_INCLUDE_IN_FRAMEWORK_HEADER = YES;
				CLANG_WARN_RANGE_LOOP_ANALYSIS = YES;
				CLANG_WARN_STRICT_PROTOTYPES = YES;
				CLANG_WARN_SUSPICIOUS_MOVE = YES;
				CLANG_WARN_UNGUARDED_AVAILABILITY = YES_AGGRESSIVE;
				CLANG_WARN_UNREACHABLE_CODE = YES;
				CLANG_WARN__DUPLICATE_METHOD_MATCH = YES;
				COPY_PHASE_STRIP = NO;
				DEBUG_INFORMATION_FORMAT = dwarf;
				ENABLE_STRICT_OBJC_MSGSEND = YES;
				ENABLE_TESTABILITY = YES;
				GCC_C_LANGUAGE_STANDARD = gnu11;
				GCC_DYNAMIC_NO_PIC = NO;
				GCC_NO_COMMON_BLOCKS = YES;
				GCC_OPTIMIZATION_LEVEL = 0;
				GCC_PREPROCESSOR_DEFINITIONS = (
					"DEBUG=1",
					"$(inherited)",
				);
				GCC_WARN_64_TO_32_BIT_CONVERSION = YES;
				GCC_WARN_ABOUT_RETURN_TYPE = YES_ERROR;
				GCC_WARN_UNDECLARED_SELECTOR = YES;
				GCC_WARN_UNINITIALIZED_AUTOS = YES_AGGRESSIVE;
				GCC_WARN_UNUSED_FUNCTION = YES;
				GCC_WARN_UNUSED_VARIABLE = YES;
				IPHONEOS_DEPLOYMENT_TARGET = 15.0;
				MTL_ENABLE_DEBUG_INFO = INCLUDE_SOURCE;
				MTL_FAST_MATH = YES;
				ONLY_ACTIVE_ARCH = YES;
				SDKROOT = iphoneos;
				SWIFT_ACTIVE_COMPILATION_CONDITIONS = DEBUG;
				SWIFT_OPTIMIZATION_LEVEL = "-Onone";
			};
			name = Debug;
		};
		C49B4A6127829A1D00BDD5F8 /* Release */ = {
			isa = XCBuildConfiguration;
			buildSettings = {
				ALWAYS_SEARCH_USER_PATHS = NO;
				CLANG_ANALYZER_NONNULL = YES;
				CLANG_ANALYZER_NUMBER_OBJECT_CONVERSION = YES_AGGRESSIVE;
				CLANG_CXX_LANGUAGE_STANDARD = "gnu++17";
				CLANG_CXX_LIBRARY = "libc++";
				CLANG_ENABLE_MODULES = YES;
				CLANG_ENABLE_OBJC_ARC = YES;
				CLANG_ENABLE_OBJC_WEAK = YES;
				CLANG_WARN_BLOCK_CAPTURE_AUTORELEASING = YES;
				CLANG_WARN_BOOL_CONVERSION = YES;
				CLANG_WARN_COMMA = YES;
				CLANG_WARN_CONSTANT_CONVERSION = YES;
				CLANG_WARN_DEPRECATED_OBJC_IMPLEMENTATIONS = YES;
				CLANG_WARN_DIRECT_OBJC_ISA_USAGE = YES_ERROR;
				CLANG_WARN_DOCUMENTATION_COMMENTS = YES;
				CLANG_WARN_EMPTY_BODY = YES;
				CLANG_WARN_ENUM_CONVERSION = YES;
				CLANG_WARN_INFINITE_RECURSION = YES;
				CLANG_WARN_INT_CONVERSION = YES;
				CLANG_WARN_NON_LITERAL_NULL_CONVERSION = YES;
				CLANG_WARN_OBJC_IMPLICIT_RETAIN_SELF = YES;
				CLANG_WARN_OBJC_LITERAL_CONVERSION = YES;
				CLANG_WARN_OBJC_ROOT_CLASS = YES_ERROR;
				CLANG_WARN_QUOTED_INCLUDE_IN_FRAMEWORK_HEADER = YES;
				CLANG_WARN_RANGE_LOOP_ANALYSIS = YES;
				CLANG_WARN_STRICT_PROTOTYPES = YES;
				CLANG_WARN_SUSPICIOUS_MOVE = YES;
				CLANG_WARN_UNGUARDED_AVAILABILITY = YES_AGGRESSIVE;
				CLANG_WARN_UNREACHABLE_CODE = YES;
				CLANG_WARN__DUPLICATE_METHOD_MATCH = YES;
				COPY_PHASE_STRIP = NO;
				DEBUG_INFORMATION_FORMAT = "dwarf-with-dsym";
				ENABLE_NS_ASSERTIONS = NO;
				ENABLE_STRICT_OBJC_MSGSEND = YES;
				GCC_C_LANGUAGE_STANDARD = gnu11;
				GCC_NO_COMMON_BLOCKS = YES;
				GCC_WARN_64_TO_32_BIT_CONVERSION = YES;
				GCC_WARN_ABOUT_RETURN_TYPE = YES_ERROR;
				GCC_WARN_UNDECLARED_SELECTOR = YES;
				GCC_WARN_UNINITIALIZED_AUTOS = YES_AGGRESSIVE;
				GCC_WARN_UNUSED_FUNCTION = YES;
				GCC_WARN_UNUSED_VARIABLE = YES;
				IPHONEOS_DEPLOYMENT_TARGET = 15.0;
				MTL_ENABLE_DEBUG_INFO = NO;
				MTL_FAST_MATH = YES;
				SDKROOT = iphoneos;
				SWIFT_COMPILATION_MODE = wholemodule;
				SWIFT_OPTIMIZATION_LEVEL = "-O";
				VALIDATE_PRODUCT = YES;
			};
			name = Release;
		};
		C49B4A6327829A1D00BDD5F8 /* Debug */ = {
			isa = XCBuildConfiguration;
			buildSettings = {
				ASSETCATALOG_COMPILER_APPICON_NAME = AppIcon;
				ASSETCATALOG_COMPILER_GLOBAL_ACCENT_COLOR_NAME = AccentColor;
				CODE_SIGN_STYLE = Automatic;
				CURRENT_PROJECT_VERSION = 1;
				GENERATE_INFOPLIST_FILE = YES;
				INFOPLIST_FILE = Study_MVC/Info.plist;
				INFOPLIST_KEY_UIApplicationSupportsIndirectInputEvents = YES;
				INFOPLIST_KEY_UILaunchStoryboardName = LaunchScreen;
				INFOPLIST_KEY_UIMainStoryboardFile = Main;
				INFOPLIST_KEY_UISupportedInterfaceOrientations_iPad = "UIInterfaceOrientationPortrait UIInterfaceOrientationPortraitUpsideDown UIInterfaceOrientationLandscapeLeft UIInterfaceOrientationLandscapeRight";
				INFOPLIST_KEY_UISupportedInterfaceOrientations_iPhone = "UIInterfaceOrientationPortrait UIInterfaceOrientationLandscapeLeft UIInterfaceOrientationLandscapeRight";
				LD_RUNPATH_SEARCH_PATHS = (
					"$(inherited)",
					"@executable_path/Frameworks",
				);
				MARKETING_VERSION = 1.0;
				PRODUCT_BUNDLE_IDENTIFIER = "Bard.Study-MVC";
				PRODUCT_NAME = "$(TARGET_NAME)";
				SWIFT_EMIT_LOC_STRINGS = YES;
				SWIFT_VERSION = 5.0;
				TARGETED_DEVICE_FAMILY = "1,2";
			};
			name = Debug;
		};
		C49B4A6427829A1D00BDD5F8 /* Release */ = {
			isa = XCBuildConfiguration;
			buildSettings = {
				ASSETCATALOG_COMPILER_APPICON_NAME = AppIcon;
				ASSETCATALOG_COMPILER_GLOBAL_ACCENT_COLOR_NAME = AccentColor;
				CODE_SIGN_STYLE = Automatic;
				CURRENT_PROJECT_VERSION = 1;
				GENERATE_INFOPLIST_FILE = YES;
				INFOPLIST_FILE = Study_MVC/Info.plist;
				INFOPLIST_KEY_UIApplicationSupportsIndirectInputEvents = YES;
				INFOPLIST_KEY_UILaunchStoryboardName = LaunchScreen;
				INFOPLIST_KEY_UIMainStoryboardFile = Main;
				INFOPLIST_KEY_UISupportedInterfaceOrientations_iPad = "UIInterfaceOrientationPortrait UIInterfaceOrientationPortraitUpsideDown UIInterfaceOrientationLandscapeLeft UIInterfaceOrientationLandscapeRight";
				INFOPLIST_KEY_UISupportedInterfaceOrientations_iPhone = "UIInterfaceOrientationPortrait UIInterfaceOrientationLandscapeLeft UIInterfaceOrientationLandscapeRight";
				LD_RUNPATH_SEARCH_PATHS = (
					"$(inherited)",
					"@executable_path/Frameworks",
				);
				MARKETING_VERSION = 1.0;
				PRODUCT_BUNDLE_IDENTIFIER = "Bard.Study-MVC";
				PRODUCT_NAME = "$(TARGET_NAME)";
				SWIFT_EMIT_LOC_STRINGS = YES;
				SWIFT_VERSION = 5.0;
				TARGETED_DEVICE_FAMILY = "1,2";
			};
			name = Release;
		};
		C49B4A6627829A1D00BDD5F8 /* Debug */ = {
			isa = XCBuildConfiguration;
			buildSettings = {
				ALWAYS_EMBED_SWIFT_STANDARD_LIBRARIES = YES;
				BUNDLE_LOADER = "$(TEST_HOST)";
				CODE_SIGN_STYLE = Automatic;
				CURRENT_PROJECT_VERSION = 1;
				GENERATE_INFOPLIST_FILE = YES;
				IPHONEOS_DEPLOYMENT_TARGET = 15.0;
				LD_RUNPATH_SEARCH_PATHS = (
					"$(inherited)",
					"@executable_path/Frameworks",
					"@loader_path/Frameworks",
				);
				MARKETING_VERSION = 1.0;
				PRODUCT_BUNDLE_IDENTIFIER = "Bard.Study-MVCTests";
				PRODUCT_NAME = "$(TARGET_NAME)";
				SWIFT_EMIT_LOC_STRINGS = NO;
				SWIFT_VERSION = 5.0;
				TARGETED_DEVICE_FAMILY = "1,2";
				TEST_HOST = "$(BUILT_PRODUCTS_DIR)/Study_MVC.app/Study_MVC";
			};
			name = Debug;
		};
		C49B4A6727829A1D00BDD5F8 /* Release */ = {
			isa = XCBuildConfiguration;
			buildSettings = {
				ALWAYS_EMBED_SWIFT_STANDARD_LIBRARIES = YES;
				BUNDLE_LOADER = "$(TEST_HOST)";
				CODE_SIGN_STYLE = Automatic;
				CURRENT_PROJECT_VERSION = 1;
				GENERATE_INFOPLIST_FILE = YES;
				IPHONEOS_DEPLOYMENT_TARGET = 15.0;
				LD_RUNPATH_SEARCH_PATHS = (
					"$(inherited)",
					"@executable_path/Frameworks",
					"@loader_path/Frameworks",
				);
				MARKETING_VERSION = 1.0;
				PRODUCT_BUNDLE_IDENTIFIER = "Bard.Study-MVCTests";
				PRODUCT_NAME = "$(TARGET_NAME)";
				SWIFT_EMIT_LOC_STRINGS = NO;
				SWIFT_VERSION = 5.0;
				TARGETED_DEVICE_FAMILY = "1,2";
				TEST_HOST = "$(BUILT_PRODUCTS_DIR)/Study_MVC.app/Study_MVC";
			};
			name = Release;
		};
		C49B4A6927829A1D00BDD5F8 /* Debug */ = {
			isa = XCBuildConfiguration;
			buildSettings = {
				ALWAYS_EMBED_SWIFT_STANDARD_LIBRARIES = YES;
				CODE_SIGN_STYLE = Automatic;
				CURRENT_PROJECT_VERSION = 1;
				GENERATE_INFOPLIST_FILE = YES;
				LD_RUNPATH_SEARCH_PATHS = (
					"$(inherited)",
					"@executable_path/Frameworks",
					"@loader_path/Frameworks",
				);
				MARKETING_VERSION = 1.0;
				PRODUCT_BUNDLE_IDENTIFIER = "Bard.Study-MVCUITests";
				PRODUCT_NAME = "$(TARGET_NAME)";
				SWIFT_EMIT_LOC_STRINGS = NO;
				SWIFT_VERSION = 5.0;
				TARGETED_DEVICE_FAMILY = "1,2";
				TEST_TARGET_NAME = Study_MVC;
			};
			name = Debug;
		};
		C49B4A6A27829A1D00BDD5F8 /* Release */ = {
			isa = XCBuildConfiguration;
			buildSettings = {
				ALWAYS_EMBED_SWIFT_STANDARD_LIBRARIES = YES;
				CODE_SIGN_STYLE = Automatic;
				CURRENT_PROJECT_VERSION = 1;
				GENERATE_INFOPLIST_FILE = YES;
				LD_RUNPATH_SEARCH_PATHS = (
					"$(inherited)",
					"@executable_path/Frameworks",
					"@loader_path/Frameworks",
				);
				MARKETING_VERSION = 1.0;
				PRODUCT_BUNDLE_IDENTIFIER = "Bard.Study-MVCUITests";
				PRODUCT_NAME = "$(TARGET_NAME)";
				SWIFT_EMIT_LOC_STRINGS = NO;
				SWIFT_VERSION = 5.0;
				TARGETED_DEVICE_FAMILY = "1,2";
				TEST_TARGET_NAME = Study_MVC;
			};
			name = Release;
		};
/* End XCBuildConfiguration section */

/* Begin XCConfigurationList section */
		C49B4A3027829A1800BDD5F8 /* Build configuration list for PBXProject "Study_MVC" */ = {
			isa = XCConfigurationList;
			buildConfigurations = (
				C49B4A6027829A1D00BDD5F8 /* Debug */,
				C49B4A6127829A1D00BDD5F8 /* Release */,
			);
			defaultConfigurationIsVisible = 0;
			defaultConfigurationName = Release;
		};
		C49B4A6227829A1D00BDD5F8 /* Build configuration list for PBXNativeTarget "Study_MVC" */ = {
			isa = XCConfigurationList;
			buildConfigurations = (
				C49B4A6327829A1D00BDD5F8 /* Debug */,
				C49B4A6427829A1D00BDD5F8 /* Release */,
			);
			defaultConfigurationIsVisible = 0;
			defaultConfigurationName = Release;
		};
		C49B4A6527829A1D00BDD5F8 /* Build configuration list for PBXNativeTarget "Study_MVCTests" */ = {
			isa = XCConfigurationList;
			buildConfigurations = (
				C49B4A6627829A1D00BDD5F8 /* Debug */,
				C49B4A6727829A1D00BDD5F8 /* Release */,
			);
			defaultConfigurationIsVisible = 0;
			defaultConfigurationName = Release;
		};
		C49B4A6827829A1D00BDD5F8 /* Build configuration list for PBXNativeTarget "Study_MVCUITests" */ = {
			isa = XCConfigurationList;
			buildConfigurations = (
				C49B4A6927829A1D00BDD5F8 /* Debug */,
				C49B4A6A27829A1D00BDD5F8 /* Release */,
			);
			defaultConfigurationIsVisible = 0;
			defaultConfigurationName = Release;
		};
/* End XCConfigurationList section */

/* Begin XCVersionGroup section */
		C49B4A4127829A1800BDD5F8 /* Study_MVC.xcdatamodeld */ = {
			isa = XCVersionGroup;
			children = (
				C49B4A4227829A1800BDD5F8 /* Study_MVC.xcdatamodel */,
			);
			currentVersion = C49B4A4227829A1800BDD5F8 /* Study_MVC.xcdatamodel */;
			path = Study_MVC.xcdatamodeld;
			sourceTree = "<group>";
			versionGroupType = wrapper.xcdatamodel;
		};
/* End XCVersionGroup section */
	};
	rootObject = C49B4A2D27829A1800BDD5F8 /* Project object */;
}
